Microsoft Visual Studio Solution File, Format Version 12.00
# Visual Studio Version 17
VisualStudioVersion = 17.13.35913.81
MinimumVisualStudioVersion = 10.0.40219.1
Project("{FAE04EC0-301F-11D3-BF4B-00C04F79EFBC}") = "ContactList", "ContactList.csproj", "{1E363C1B-B510-49E0-90D5-CD2A6198AE84}"
EndProject
Global
	GlobalSection(SolutionConfigurationPlatforms) = preSolution
		Debug|Any CPU = Debug|Any CPU
		Release|Any CPU = Release|Any CPU
	EndGlobalSection
	GlobalSection(ProjectConfigurationPlatforms) = postSolution
		{1E363C1B-B510-49E0-90D5-CD2A6198AE84}.Debug|Any CPU.ActiveCfg = Debug|Any CPU
		{1E363C1B-B510-49E0-90D5-CD2A6198AE84}.Debug|Any CPU.Build.0 = Debug|Any CPU
		{1E363C1B-B510-49E0-90D5-CD2A6198AE84}.Release|Any CPU.ActiveCfg = Release|Any CPU
		{1E363C1B-B510-49E0-90D5-CD2A6198AE84}.Release|Any CPU.Build.0 = Release|Any CPU
	EndGlobalSection
	GlobalSection(SolutionProperties) = preSolution
		HideSolutionNode = FALSE
	EndGlobalSection
	GlobalSection(ExtensibilityGlobals) = postSolution
		SolutionGuid = {045EAAD2-667C-4D93-85E1-09CD39004022}
	EndGlobalSection
EndGlobal
